
Microsoft Visual Studio Solution File, Format Version 11.00
# Visual Studio 2010
Project("{FAE04EC0-301F-11D3-BF4B-00C04F79EFBC}") = "UnityEngine.TestRunner", "UnityEngine.TestRunner.csproj", "{f10627c5-faca-82fa-f8ca-58474d450ff9}"
EndProject
Project("{FAE04EC0-301F-11D3-BF4B-00C04F79EFBC}") = "Assembly-CSharp", "Assembly-CSharp.csproj", "{5c27ed21-0fd2-242c-d2d3-6fce8f4b82dc}"
EndProject
Project("{FAE04EC0-301F-11D3-BF4B-00C04F79EFBC}") = "Unity.2D.Animation.Triangle.Runtime", "Unity.2D.Animation.Triangle.Runtime.csproj", "{88613ec6-0a20-688d-e080-b2ed5e5ed712}"
EndProject
Project("{FAE04EC0-301F-11D3-BF4B-00C04F79EFBC}") = "UnityEngine.UI", "UnityEngine.UI.csproj", "{99ac3acb-8d84-0ab5-5b83-5b6d5c7c3801}"
EndProject
Project("{FAE04EC0-301F-11D3-BF4B-00C04F79EFBC}") = "Unity.TextMeshPro", "Unity.TextMeshPro.csproj", "{bf0e3838-27f1-b7cb-cd37-d8c36c47ab9e}"
EndProject
Project("{FAE04EC0-301F-11D3-BF4B-00C04F79EFBC}") = "Unity.2D.Animation.Runtime", "Unity.2D.Animation.Runtime.csproj", "{07380132-91dc-eb9f-a471-ba5b53694e1a}"
EndProject
Project("{FAE04EC0-301F-11D3-BF4B-00C04F79EFBC}") = "Unity.Timeline", "Unity.Timeline.csproj", "{29a259d3-2c6e-c050-51ef-2dbd4a0797a9}"
EndProject
Project("{FAE04EC0-301F-11D3-BF4B-00C04F79EFBC}") = "Unity.Mathematics", "Unity.Mathematics.csproj", "{b41f1a89-365e-4a27-74c9-30fcf2a79428}"
EndProject
Project("{FAE04EC0-301F-11D3-BF4B-00C04F79EFBC}") = "Unity.2D.SpriteShape.Runtime", "Unity.2D.SpriteShape.Runtime.csproj", "{d8e075b5-63ee-b158-0d8e-d21578686731}"
EndProject
Project("{FAE04EC0-301F-11D3-BF4B-00C04F79EFBC}") = "Unity.2D.PixelPerfect", "Unity.2D.PixelPerfect.csproj", "{83cad6d0-6f64-3183-3045-48274f381572}"
EndProject
Project("{FAE04EC0-301F-11D3-BF4B-00C04F79EFBC}") = "Unity.InternalAPIEngineBridge.001", "Unity.InternalAPIEngineBridge.001.csproj", "{086fb66b-52e3-9ab1-f606-d529a0dc8a4f}"
EndProject
Project("{FAE04EC0-301F-11D3-BF4B-00C04F79EFBC}") = "Unity.2D.Common.Runtime", "Unity.2D.Common.Runtime.csproj", "{d9dcae11-a375-df5e-574c-d5570ec37f64}"
EndProject
Project("{FAE04EC0-301F-11D3-BF4B-00C04F79EFBC}") = "Unity.TextMeshPro.Editor", "Unity.TextMeshPro.Editor.csproj", "{09eca4e7-8ffd-22cd-9c84-3234698387ca}"
EndProject
Project("{FAE04EC0-301F-11D3-BF4B-00C04F79EFBC}") = "Unity.Timeline.Editor", "Unity.Timeline.Editor.csproj", "{bfaf01dc-fb41-d746-f32a-4666d0f1b3d4}"
EndProject
Project("{FAE04EC0-301F-11D3-BF4B-00C04F79EFBC}") = "UnityEditor.TestRunner", "UnityEditor.TestRunner.csproj", "{8c5900e2-0ed8-c7d8-7c87-84bf5b60d1dc}"
EndProject
Project("{FAE04EC0-301F-11D3-BF4B-00C04F79EFBC}") = "Unity.2D.Animation.Editor", "Unity.2D.Animation.Editor.csproj", "{fd7bd5a3-d82d-5ecd-9ecc-a2c6ca1cb526}"
EndProject
Project("{FAE04EC0-301F-11D3-BF4B-00C04F79EFBC}") = "Unity.2D.Path.Editor", "Unity.2D.Path.Editor.csproj", "{fcc8dd59-d0fd-72a5-1a3a-1245ca020dcf}"
EndProject
Project("{FAE04EC0-301F-11D3-BF4B-00C04F79EFBC}") = "Unity.2D.Sprite.Editor", "Unity.2D.Sprite.Editor.csproj", "{23148e44-c17a-38c1-0839-7a84bc39fe21}"
EndProject
Project("{FAE04EC0-301F-11D3-BF4B-00C04F79EFBC}") = "UnityEditor.UI", "UnityEditor.UI.csproj", "{41a836d0-5b0d-0d45-9c77-1a86e49df9a1}"
EndProject
Project("{FAE04EC0-301F-11D3-BF4B-00C04F79EFBC}") = "Assembly-CSharp-Editor", "Assembly-CSharp-Editor.csproj", "{f2cee4e3-7245-f13b-89a0-e948d3630b18}"
EndProject
Project("{FAE04EC0-301F-11D3-BF4B-00C04F79EFBC}") = "Unity.Rider.Editor", "Unity.Rider.Editor.csproj", "{0a67dcdc-378c-da14-d195-c1d1aeb43f11}"
EndProject
Project("{FAE04EC0-301F-11D3-BF4B-00C04F79EFBC}") = "Unity.2D.Tilemap.Editor", "Unity.2D.Tilemap.Editor.csproj", "{83deb9be-9570-6095-3f5c-6358c2053d95}"
EndProject
Project("{FAE04EC0-301F-11D3-BF4B-00C04F79EFBC}") = "Unity.2D.SpriteShape.Editor", "Unity.2D.SpriteShape.Editor.csproj", "{e372733b-ba44-d3cb-e7df-64fb9b8c97a9}"
EndProject
Project("{FAE04EC0-301F-11D3-BF4B-00C04F79EFBC}") = "PsdPlugin", "PsdPlugin.csproj", "{fc404dca-a836-bc40-5e45-d703012a97da}"
EndProject
Project("{FAE04EC0-301F-11D3-BF4B-00C04F79EFBC}") = "Unity.CollabProxy.Editor", "Unity.CollabProxy.Editor.csproj", "{73a1de92-ffeb-5874-2e26-32ebced4571c}"
EndProject
Project("{FAE04EC0-301F-11D3-BF4B-00C04F79EFBC}") = "Unity.2D.Common.Editor", "Unity.2D.Common.Editor.csproj", "{ed8cca80-3755-29de-e50e-371073c9d0f8}"
EndProject
Project("{FAE04EC0-301F-11D3-BF4B-00C04F79EFBC}") = "Unity.VSCode.Editor", "Unity.VSCode.Editor.csproj", "{134fc3d4-cbac-b6fe-d185-945ba83fd405}"
EndProject
Project("{FAE04EC0-301F-11D3-BF4B-00C04F79EFBC}") = "Unity.2D.Psdimporter.Editor", "Unity.2D.Psdimporter.Editor.csproj", "{c4e56ecb-2ce3-7551-ce2f-f727ab695e6a}"
EndProject
Project("{FAE04EC0-301F-11D3-BF4B-00C04F79EFBC}") = "Unity.2D.PixelPerfect.Editor", "Unity.2D.PixelPerfect.Editor.csproj", "{d44c14c0-a5bb-8100-8380-9c934f516bc2}"
EndProject
Project("{FAE04EC0-301F-11D3-BF4B-00C04F79EFBC}") = "Unity.Mathematics.Editor", "Unity.Mathematics.Editor.csproj", "{7b28c210-a273-da0a-3f9f-900887c57dbf}"
EndProject
Project("{FAE04EC0-301F-11D3-BF4B-00C04F79EFBC}") = "Unity.InternalAPIEditorBridge.001", "Unity.InternalAPIEditorBridge.001.csproj", "{e45fe008-2c7d-a7d6-2e79-f77a2fe4fc2e}"
EndProject
Project("{FAE04EC0-301F-11D3-BF4B-00C04F79EFBC}") = "Unity.2D.PixelPerfect.Tests", "Unity.2D.PixelPerfect.Tests.csproj", "{990c8265-edbb-a087-351a-8f58e7f658f4}"
EndProject
Project("{FAE04EC0-301F-11D3-BF4B-00C04F79EFBC}") = "Unity.Mathematics.Tests", "Unity.Mathematics.Tests.csproj", "{4de04328-c571-7d81-1762-63abf8aa410e}"
EndProject
Project("{FAE04EC0-301F-11D3-BF4B-00C04F79EFBC}") = "Unity.2D.Sprite.Package.EditorTests", "Unity.2D.Sprite.Package.EditorTests.csproj", "{3d9a885e-4117-ff6a-2407-31a8c3bf3fa3}"
EndProject
Project("{FAE04EC0-301F-11D3-BF4B-00C04F79EFBC}") = "Unity.2D.SpriteShape.EditorTests", "Unity.2D.SpriteShape.EditorTests.csproj", "{5b7a4721-b1cf-a0ea-8b0e-16011abcb3d7}"
EndProject
Project("{FAE04EC0-301F-11D3-BF4B-00C04F79EFBC}") = "Unity.2D.Common.EditorTests", "Unity.2D.Common.EditorTests.csproj", "{c85b9dea-2376-6a35-ddae-261e09398c0b}"
EndProject
Project("{FAE04EC0-301F-11D3-BF4B-00C04F79EFBC}") = "Unity.2D.Tilemap.EditorTests", "Unity.2D.Tilemap.EditorTests.csproj", "{83aafc8b-5225-b0a9-d56f-24d780e0ec88}"
EndProject
Project("{FAE04EC0-301F-11D3-BF4B-00C04F79EFBC}") = "Unity.TextMeshPro.Editor.Tests", "Unity.TextMeshPro.Editor.Tests.csproj", "{016c1b4b-bfb9-9887-4f1c-aa6460fc905c}"
EndProject
Project("{FAE04EC0-301F-11D3-BF4B-00C04F79EFBC}") = "Unity.2D.Psdimporter.EditorTests", "Unity.2D.Psdimporter.EditorTests.csproj", "{cc8c1892-a8be-7058-1a36-a8b5e1aca38b}"
EndProject
Project("{FAE04EC0-301F-11D3-BF4B-00C04F79EFBC}") = "Unity.CollabProxy.EditorTests", "Unity.CollabProxy.EditorTests.csproj", "{4eb79291-e9f6-a646-0086-bb8480814b6e}"
EndProject
Project("{FAE04EC0-301F-11D3-BF4B-00C04F79EFBC}") = "Unity.2D.PixelPerfect.Editor.Tests", "Unity.2D.PixelPerfect.Editor.Tests.csproj", "{79a63334-d0d7-1ec8-454a-c9bfd8f822bf}"
EndProject
Project("{FAE04EC0-301F-11D3-BF4B-00C04F79EFBC}") = "UnityEngine.UI.Tests", "UnityEngine.UI.Tests.csproj", "{9c96e357-be61-dcac-f2be-a350d5019b8e}"
EndProject
Project("{FAE04EC0-301F-11D3-BF4B-00C04F79EFBC}") = "Unity.2D.Animation.EditorTests", "Unity.2D.Animation.EditorTests.csproj", "{d51b570d-beea-4b43-b7b6-6029b84574e7}"
EndProject
Project("{FAE04EC0-301F-11D3-BF4B-00C04F79EFBC}") = "Unity.TextMeshPro.Tests", "Unity.TextMeshPro.Tests.csproj", "{a2505579-bf13-206b-17ae-74d412635f2e}"
EndProject
Project("{FAE04EC0-301F-11D3-BF4B-00C04F79EFBC}") = "UnityEditor.UI.EditorTests", "UnityEditor.UI.EditorTests.csproj", "{241bd481-3e68-a690-2f68-433afa2c20d9}"
EndProject
Project("{FAE04EC0-301F-11D3-BF4B-00C04F79EFBC}") = "Unity.2D.Path.Tests", "Unity.2D.Path.Tests.csproj", "{b660cec7-deb2-b992-6f03-f3f38e385235}"
EndProject
Global
	GlobalSection(SolutionConfigurationPlatforms) = preSolution
		Debug|Any CPU = Debug|Any CPU
	EndGlobalSection
	GlobalSection(ProjectConfigurationPlatforms) = postSolution
		{f10627c5-faca-82fa-f8ca-58474d450ff9}.Debug|Any CPU.ActiveCfg = Debug|Any CPU
		{f10627c5-faca-82fa-f8ca-58474d450ff9}.Debug|Any CPU.Build.0 = Debug|Any CPU
		{5c27ed21-0fd2-242c-d2d3-6fce8f4b82dc}.Debug|Any CPU.ActiveCfg = Debug|Any CPU
		{5c27ed21-0fd2-242c-d2d3-6fce8f4b82dc}.Debug|Any CPU.Build.0 = Debug|Any CPU
		{88613ec6-0a20-688d-e080-b2ed5e5ed712}.Debug|Any CPU.ActiveCfg = Debug|Any CPU
		{88613ec6-0a20-688d-e080-b2ed5e5ed712}.Debug|Any CPU.Build.0 = Debug|Any CPU
		{99ac3acb-8d84-0ab5-5b83-5b6d5c7c3801}.Debug|Any CPU.ActiveCfg = Debug|Any CPU
		{99ac3acb-8d84-0ab5-5b83-5b6d5c7c3801}.Debug|Any CPU.Build.0 = Debug|Any CPU
		{bf0e3838-27f1-b7cb-cd37-d8c36c47ab9e}.Debug|Any CPU.ActiveCfg = Debug|Any CPU
		{bf0e3838-27f1-b7cb-cd37-d8c36c47ab9e}.Debug|Any CPU.Build.0 = Debug|Any CPU
		{07380132-91dc-eb9f-a471-ba5b53694e1a}.Debug|Any CPU.ActiveCfg = Debug|Any CPU
		{07380132-91dc-eb9f-a471-ba5b53694e1a}.Debug|Any CPU.Build.0 = Debug|Any CPU
		{29a259d3-2c6e-c050-51ef-2dbd4a0797a9}.Debug|Any CPU.ActiveCfg = Debug|Any CPU
		{29a259d3-2c6e-c050-51ef-2dbd4a0797a9}.Debug|Any CPU.Build.0 = Debug|Any CPU
		{b41f1a89-365e-4a27-74c9-30fcf2a79428}.Debug|Any CPU.ActiveCfg = Debug|Any CPU
		{b41f1a89-365e-4a27-74c9-30fcf2a79428}.Debug|Any CPU.Build.0 = Debug|Any CPU
		{d8e075b5-63ee-b158-0d8e-d21578686731}.Debug|Any CPU.ActiveCfg = Debug|Any CPU
		{d8e075b5-63ee-b158-0d8e-d21578686731}.Debug|Any CPU.Build.0 = Debug|Any CPU
		{83cad6d0-6f64-3183-3045-48274f381572}.Debug|Any CPU.ActiveCfg = Debug|Any CPU
		{83cad6d0-6f64-3183-3045-48274f381572}.Debug|Any CPU.Build.0 = Debug|Any CPU
		{086fb66b-52e3-9ab1-f606-d529a0dc8a4f}.Debug|Any CPU.ActiveCfg = Debug|Any CPU
		{086fb66b-52e3-9ab1-f606-d529a0dc8a4f}.Debug|Any CPU.Build.0 = Debug|Any CPU
		{d9dcae11-a375-df5e-574c-d5570ec37f64}.Debug|Any CPU.ActiveCfg = Debug|Any CPU
		{d9dcae11-a375-df5e-574c-d5570ec37f64}.Debug|Any CPU.Build.0 = Debug|Any CPU
		{09eca4e7-8ffd-22cd-9c84-3234698387ca}.Debug|Any CPU.ActiveCfg = Debug|Any CPU
		{09eca4e7-8ffd-22cd-9c84-3234698387ca}.Debug|Any CPU.Build.0 = Debug|Any CPU
		{bfaf01dc-fb41-d746-f32a-4666d0f1b3d4}.Debug|Any CPU.ActiveCfg = Debug|Any CPU
		{bfaf01dc-fb41-d746-f32a-4666d0f1b3d4}.Debug|Any CPU.Build.0 = Debug|Any CPU
		{8c5900e2-0ed8-c7d8-7c87-84bf5b60d1dc}.Debug|Any CPU.ActiveCfg = Debug|Any CPU
		{8c5900e2-0ed8-c7d8-7c87-84bf5b60d1dc}.Debug|Any CPU.Build.0 = Debug|Any CPU
		{fd7bd5a3-d82d-5ecd-9ecc-a2c6ca1cb526}.Debug|Any CPU.ActiveCfg = Debug|Any CPU
		{fd7bd5a3-d82d-5ecd-9ecc-a2c6ca1cb526}.Debug|Any CPU.Build.0 = Debug|Any CPU
		{fcc8dd59-d0fd-72a5-1a3a-1245ca020dcf}.Debug|Any CPU.ActiveCfg = Debug|Any CPU
		{fcc8dd59-d0fd-72a5-1a3a-1245ca020dcf}.Debug|Any CPU.Build.0 = Debug|Any CPU
		{23148e44-c17a-38c1-0839-7a84bc39fe21}.Debug|Any CPU.ActiveCfg = Debug|Any CPU
		{23148e44-c17a-38c1-0839-7a84bc39fe21}.Debug|Any CPU.Build.0 = Debug|Any CPU
		{41a836d0-5b0d-0d45-9c77-1a86e49df9a1}.Debug|Any CPU.ActiveCfg = Debug|Any CPU
		{41a836d0-5b0d-0d45-9c77-1a86e49df9a1}.Debug|Any CPU.Build.0 = Debug|Any CPU
		{f2cee4e3-7245-f13b-89a0-e948d3630b18}.Debug|Any CPU.ActiveCfg = Debug|Any CPU
		{f2cee4e3-7245-f13b-89a0-e948d3630b18}.Debug|Any CPU.Build.0 = Debug|Any CPU
		{0a67dcdc-378c-da14-d195-c1d1aeb43f11}.Debug|Any CPU.ActiveCfg = Debug|Any CPU
		{0a67dcdc-378c-da14-d195-c1d1aeb43f11}.Debug|Any CPU.Build.0 = Debug|Any CPU
		{83deb9be-9570-6095-3f5c-6358c2053d95}.Debug|Any CPU.ActiveCfg = Debug|Any CPU
		{83deb9be-9570-6095-3f5c-6358c2053d95}.Debug|Any CPU.Build.0 = Debug|Any CPU
		{e372733b-ba44-d3cb-e7df-64fb9b8c97a9}.Debug|Any CPU.ActiveCfg = Debug|Any CPU
		{e372733b-ba44-d3cb-e7df-64fb9b8c97a9}.Debug|Any CPU.Build.0 = Debug|Any CPU
		{fc404dca-a836-bc40-5e45-d703012a97da}.Debug|Any CPU.ActiveCfg = Debug|Any CPU
		{fc404dca-a836-bc40-5e45-d703012a97da}.Debug|Any CPU.Build.0 = Debug|Any CPU
		{73a1de92-ffeb-5874-2e26-32ebced4571c}.Debug|Any CPU.ActiveCfg = Debug|Any CPU
		{73a1de92-ffeb-5874-2e26-32ebced4571c}.Debug|Any CPU.Build.0 = Debug|Any CPU
		{ed8cca80-3755-29de-e50e-371073c9d0f8}.Debug|Any CPU.ActiveCfg = Debug|Any CPU
		{ed8cca80-3755-29de-e50e-371073c9d0f8}.Debug|Any CPU.Build.0 = Debug|Any CPU
		{134fc3d4-cbac-b6fe-d185-945ba83fd405}.Debug|Any CPU.ActiveCfg = Debug|Any CPU
		{134fc3d4-cbac-b6fe-d185-945ba83fd405}.Debug|Any CPU.Build.0 = Debug|Any CPU
		{c4e56ecb-2ce3-7551-ce2f-f727ab695e6a}.Debug|Any CPU.ActiveCfg = Debug|Any CPU
		{c4e56ecb-2ce3-7551-ce2f-f727ab695e6a}.Debug|Any CPU.Build.0 = Debug|Any CPU
		{d44c14c0-a5bb-8100-8380-9c934f516bc2}.Debug|Any CPU.ActiveCfg = Debug|Any CPU
		{d44c14c0-a5bb-8100-8380-9c934f516bc2}.Debug|Any CPU.Build.0 = Debug|Any CPU
		{7b28c210-a273-da0a-3f9f-900887c57dbf}.Debug|Any CPU.ActiveCfg = Debug|Any CPU
		{7b28c210-a273-da0a-3f9f-900887c57dbf}.Debug|Any CPU.Build.0 = Debug|Any CPU
		{e45fe008-2c7d-a7d6-2e79-f77a2fe4fc2e}.Debug|Any CPU.ActiveCfg = Debug|Any CPU
		{e45fe008-2c7d-a7d6-2e79-f77a2fe4fc2e}.Debug|Any CPU.Build.0 = Debug|Any CPU
		{990c8265-edbb-a087-351a-8f58e7f658f4}.Debug|Any CPU.ActiveCfg = Debug|Any CPU
		{990c8265-edbb-a087-351a-8f58e7f658f4}.Debug|Any CPU.Build.0 = Debug|Any CPU
		{4de04328-c571-7d81-1762-63abf8aa410e}.Debug|Any CPU.ActiveCfg = Debug|Any CPU
		{4de04328-c571-7d81-1762-63abf8aa410e}.Debug|Any CPU.Build.0 = Debug|Any CPU
		{3d9a885e-4117-ff6a-2407-31a8c3bf3fa3}.Debug|Any CPU.ActiveCfg = Debug|Any CPU
		{3d9a885e-4117-ff6a-2407-31a8c3bf3fa3}.Debug|Any CPU.Build.0 = Debug|Any CPU
		{5b7a4721-b1cf-a0ea-8b0e-16011abcb3d7}.Debug|Any CPU.ActiveCfg = Debug|Any CPU
		{5b7a4721-b1cf-a0ea-8b0e-16011abcb3d7}.Debug|Any CPU.Build.0 = Debug|Any CPU
		{c85b9dea-2376-6a35-ddae-261e09398c0b}.Debug|Any CPU.ActiveCfg = Debug|Any CPU
		{c85b9dea-2376-6a35-ddae-261e09398c0b}.Debug|Any CPU.Build.0 = Debug|Any CPU
		{83aafc8b-5225-b0a9-d56f-24d780e0ec88}.Debug|Any CPU.ActiveCfg = Debug|Any CPU
		{83aafc8b-5225-b0a9-d56f-24d780e0ec88}.Debug|Any CPU.Build.0 = Debug|Any CPU
		{016c1b4b-bfb9-9887-4f1c-aa6460fc905c}.Debug|Any CPU.ActiveCfg = Debug|Any CPU
		{016c1b4b-bfb9-9887-4f1c-aa6460fc905c}.Debug|Any CPU.Build.0 = Debug|Any CPU
		{cc8c1892-a8be-7058-1a36-a8b5e1aca38b}.Debug|Any CPU.ActiveCfg = Debug|Any CPU
		{cc8c1892-a8be-7058-1a36-a8b5e1aca38b}.Debug|Any CPU.Build.0 = Debug|Any CPU
		{4eb79291-e9f6-a646-0086-bb8480814b6e}.Debug|Any CPU.ActiveCfg = Debug|Any CPU
		{4eb79291-e9f6-a646-0086-bb8480814b6e}.Debug|Any CPU.Build.0 = Debug|Any CPU
		{79a63334-d0d7-1ec8-454a-c9bfd8f822bf}.Debug|Any CPU.ActiveCfg = Debug|Any CPU
		{79a63334-d0d7-1ec8-454a-c9bfd8f822bf}.Debug|Any CPU.Build.0 = Debug|Any CPU
		{9c96e357-be61-dcac-f2be-a350d5019b8e}.Debug|Any CPU.ActiveCfg = Debug|Any CPU
		{9c96e357-be61-dcac-f2be-a350d5019b8e}.Debug|Any CPU.Build.0 = Debug|Any CPU
		{d51b570d-beea-4b43-b7b6-6029b84574e7}.Debug|Any CPU.ActiveCfg = Debug|Any CPU
		{d51b570d-beea-4b43-b7b6-6029b84574e7}.Debug|Any CPU.Build.0 = Debug|Any CPU
		{a2505579-bf13-206b-17ae-74d412635f2e}.Debug|Any CPU.ActiveCfg = Debug|Any CPU
		{a2505579-bf13-206b-17ae-74d412635f2e}.Debug|Any CPU.Build.0 = Debug|Any CPU
		{241bd481-3e68-a690-2f68-433afa2c20d9}.Debug|Any CPU.ActiveCfg = Debug|Any CPU
		{241bd481-3e68-a690-2f68-433afa2c20d9}.Debug|Any CPU.Build.0 = Debug|Any CPU
		{b660cec7-deb2-b992-6f03-f3f38e385235}.Debug|Any CPU.ActiveCfg = Debug|Any CPU
		{b660cec7-deb2-b992-6f03-f3f38e385235}.Debug|Any CPU.Build.0 = Debug|Any CPU
	EndGlobalSection
	GlobalSection(SolutionProperties) = preSolution
		HideSolutionNode = FALSE
	EndGlobalSection
EndGlobal
