
Microsoft Visual Studio Solution File, Format Version 11.00
# Visual Studio 2010
Project("{FAE04EC0-301F-11D3-BF4B-00C04F79EFBC}") = "Unity.Timeline", "Unity.Timeline.csproj", "{29a259d3-2c6e-c050-51ef-2dbd4a0797a9}"
EndProject
Project("{FAE04EC0-301F-11D3-BF4B-00C04F79EFBC}") = "Unity.2D.Animation.Editor", "Unity.2D.Animation.Editor.csproj", "{fd7bd5a3-d82d-5ecd-9ecc-a2c6ca1cb526}"
EndProject
Project("{FAE04EC0-301F-11D3-BF4B-00C04F79EFBC}") = "Unity.Timeline.Editor", "Unity.Timeline.Editor.csproj", "{bfaf01dc-fb41-d746-f32a-4666d0f1b3d4}"
EndProject
Project("{FAE04EC0-301F-11D3-BF4B-00C04F79EFBC}") = "Assembly-CSharp", "Assembly-CSharp.csproj", "{5c27ed21-0fd2-242c-d2d3-6fce8f4b82dc}"
EndProject
Project("{FAE04EC0-301F-11D3-BF4B-00C04F79EFBC}") = "Unity.TextMeshPro.Editor", "Unity.TextMeshPro.Editor.csproj", "{09eca4e7-8ffd-22cd-9c84-3234698387ca}"
EndProject
Project("{FAE04EC0-301F-11D3-BF4B-00C04F79EFBC}") = "Unity.2D.Tilemap.Editor", "Unity.2D.Tilemap.Editor.csproj", "{83deb9be-9570-6095-3f5c-6358c2053d95}"
EndProject
Project("{FAE04EC0-301F-11D3-BF4B-00C04F79EFBC}") = "Unity.Burst", "Unity.Burst.csproj", "{2bdff112-1aa3-fa34-748f-b6a96700114f}"
EndProject
Project("{FAE04EC0-301F-11D3-BF4B-00C04F79EFBC}") = "Unity.PlasticSCM.Editor", "Unity.PlasticSCM.Editor.csproj", "{db67e598-a096-58b3-96e7-109962c6d0ac}"
EndProject
Project("{FAE04EC0-301F-11D3-BF4B-00C04F79EFBC}") = "UnityEditor.UI", "UnityEditor.UI.csproj", "{41a836d0-5b0d-0d45-9c77-1a86e49df9a1}"
EndProject
Project("{FAE04EC0-301F-11D3-BF4B-00C04F79EFBC}") = "Unity.2D.Psdimporter.Editor", "Unity.2D.Psdimporter.Editor.csproj", "{c4e56ecb-2ce3-7551-ce2f-f727ab695e6a}"
EndProject
Project("{FAE04EC0-301F-11D3-BF4B-00C04F79EFBC}") = "Unity.2D.Sprite.Editor", "Unity.2D.Sprite.Editor.csproj", "{23148e44-c17a-38c1-0839-7a84bc39fe21}"
EndProject
Project("{FAE04EC0-301F-11D3-BF4B-00C04F79EFBC}") = "Unity.Mathematics", "Unity.Mathematics.csproj", "{b41f1a89-365e-4a27-74c9-30fcf2a79428}"
EndProject
Project("{FAE04EC0-301F-11D3-BF4B-00C04F79EFBC}") = "Unity.2D.PixelPerfect.Editor", "Unity.2D.PixelPerfect.Editor.csproj", "{d44c14c0-a5bb-8100-8380-9c934f516bc2}"
EndProject
Project("{FAE04EC0-301F-11D3-BF4B-00C04F79EFBC}") = "Unity.2D.Common.Path.Editor", "Unity.2D.Common.Path.Editor.csproj", "{6220b82c-39f4-cfe8-83f4-55519a9aeee2}"
EndProject
Project("{FAE04EC0-301F-11D3-BF4B-00C04F79EFBC}") = "Unity.2D.IK.Runtime", "Unity.2D.IK.Runtime.csproj", "{7b0069e7-6402-295c-532a-c97705b1b851}"
EndProject
Project("{FAE04EC0-301F-11D3-BF4B-00C04F79EFBC}") = "UnityEditor.TestRunner", "UnityEditor.TestRunner.csproj", "{8c5900e2-0ed8-c7d8-7c87-84bf5b60d1dc}"
EndProject
Project("{FAE04EC0-301F-11D3-BF4B-00C04F79EFBC}") = "PsdPlugin", "PsdPlugin.csproj", "{fc404dca-a836-bc40-5e45-d703012a97da}"
EndProject
Project("{FAE04EC0-301F-11D3-BF4B-00C04F79EFBC}") = "UnityEngine.TestRunner", "UnityEngine.TestRunner.csproj", "{f10627c5-faca-82fa-f8ca-58474d450ff9}"
EndProject
Project("{FAE04EC0-301F-11D3-BF4B-00C04F79EFBC}") = "UnityEngine.UI", "UnityEngine.UI.csproj", "{99ac3acb-8d84-0ab5-5b83-5b6d5c7c3801}"
EndProject
Project("{FAE04EC0-301F-11D3-BF4B-00C04F79EFBC}") = "Unity.2D.IK.Editor", "Unity.2D.IK.Editor.csproj", "{5190265c-07d9-3c38-dc86-604ddecef2e1}"
EndProject
Project("{FAE04EC0-301F-11D3-BF4B-00C04F79EFBC}") = "Unity.Rider.Editor", "Unity.Rider.Editor.csproj", "{0a67dcdc-378c-da14-d195-c1d1aeb43f11}"
EndProject
Project("{FAE04EC0-301F-11D3-BF4B-00C04F79EFBC}") = "Unity.Collections", "Unity.Collections.csproj", "{d1491d24-c39a-5b77-47d4-c1824d48f1e8}"
EndProject
Project("{FAE04EC0-301F-11D3-BF4B-00C04F79EFBC}") = "Unity.TextMeshPro", "Unity.TextMeshPro.csproj", "{bf0e3838-27f1-b7cb-cd37-d8c36c47ab9e}"
EndProject
Project("{FAE04EC0-301F-11D3-BF4B-00C04F79EFBC}") = "Unity.AI.Navigation.Editor", "Unity.AI.Navigation.Editor.csproj", "{5ff2da77-af4e-ef9f-e298-45de95d2dcf0}"
EndProject
Project("{FAE04EC0-301F-11D3-BF4B-00C04F79EFBC}") = "Unity.VisualStudio.Editor", "Unity.VisualStudio.Editor.csproj", "{8f66fe3d-676a-680e-57a2-4c6ef94e2bd4}"
EndProject
Project("{FAE04EC0-301F-11D3-BF4B-00C04F79EFBC}") = "Unity.2D.SpriteShape.Editor", "Unity.2D.SpriteShape.Editor.csproj", "{e372733b-ba44-d3cb-e7df-64fb9b8c97a9}"
EndProject
Project("{FAE04EC0-301F-11D3-BF4B-00C04F79EFBC}") = "IngameDebugConsole.Editor", "IngameDebugConsole.Editor.csproj", "{7458be1c-ed02-4580-9f98-9638aa299a88}"
EndProject
Project("{FAE04EC0-301F-11D3-BF4B-00C04F79EFBC}") = "Unity.2D.PixelPerfect", "Unity.2D.PixelPerfect.csproj", "{83cad6d0-6f64-3183-3045-48274f381572}"
EndProject
Project("{FAE04EC0-301F-11D3-BF4B-00C04F79EFBC}") = "Unity.InternalAPIEditorBridge.001", "Unity.InternalAPIEditorBridge.001.csproj", "{e45fe008-2c7d-a7d6-2e79-f77a2fe4fc2e}"
EndProject
Project("{FAE04EC0-301F-11D3-BF4B-00C04F79EFBC}") = "Unity.2D.SpriteShape.Runtime", "Unity.2D.SpriteShape.Runtime.csproj", "{d8e075b5-63ee-b158-0d8e-d21578686731}"
EndProject
Project("{FAE04EC0-301F-11D3-BF4B-00C04F79EFBC}") = "Unity.AI.Navigation", "Unity.AI.Navigation.csproj", "{a60dda0f-4b23-6a78-d122-f59b81768a09}"
EndProject
Project("{FAE04EC0-301F-11D3-BF4B-00C04F79EFBC}") = "Unity.2D.Animation.Runtime", "Unity.2D.Animation.Runtime.csproj", "{07380132-91dc-eb9f-a471-ba5b53694e1a}"
EndProject
Project("{FAE04EC0-301F-11D3-BF4B-00C04F79EFBC}") = "Unity.AI.Navigation.Editor.ConversionSystem", "Unity.AI.Navigation.Editor.ConversionSystem.csproj", "{08f05fca-044e-5b5d-bec0-afcf055761f1}"
EndProject
Project("{FAE04EC0-301F-11D3-BF4B-00C04F79EFBC}") = "Unity.Burst.CodeGen", "Unity.Burst.CodeGen.csproj", "{96dffad0-c921-9219-990d-c3d1fd6e0b4c}"
EndProject
Project("{FAE04EC0-301F-11D3-BF4B-00C04F79EFBC}") = "IngameDebugConsole.Runtime", "IngameDebugConsole.Runtime.csproj", "{83eefeae-880c-442e-a8bf-861b914613f2}"
EndProject
Project("{FAE04EC0-301F-11D3-BF4B-00C04F79EFBC}") = "Unity.Burst.Editor", "Unity.Burst.Editor.csproj", "{70c4cfc8-f606-2261-ded0-804fa5682503}"
EndProject
Project("{FAE04EC0-301F-11D3-BF4B-00C04F79EFBC}") = "Unity.Collections.BurstCompatibilityGen", "Unity.Collections.BurstCompatibilityGen.csproj", "{1d84e17a-cc75-315f-29b2-1f49eb1ce14a}"
EndProject
Project("{FAE04EC0-301F-11D3-BF4B-00C04F79EFBC}") = "Unity.VSCode.Editor", "Unity.VSCode.Editor.csproj", "{134fc3d4-cbac-b6fe-d185-945ba83fd405}"
EndProject
Project("{FAE04EC0-301F-11D3-BF4B-00C04F79EFBC}") = "Unity.InternalAPIEngineBridge.001", "Unity.InternalAPIEngineBridge.001.csproj", "{086fb66b-52e3-9ab1-f606-d529a0dc8a4f}"
EndProject
Project("{FAE04EC0-301F-11D3-BF4B-00C04F79EFBC}") = "Unity.2D.Common.Editor", "Unity.2D.Common.Editor.csproj", "{ed8cca80-3755-29de-e50e-371073c9d0f8}"
EndProject
Project("{FAE04EC0-301F-11D3-BF4B-00C04F79EFBC}") = "Assembly-CSharp-Editor", "Assembly-CSharp-Editor.csproj", "{f2cee4e3-7245-f13b-89a0-e948d3630b18}"
EndProject
Project("{FAE04EC0-301F-11D3-BF4B-00C04F79EFBC}") = "Unity.AI.Navigation.Updater", "Unity.AI.Navigation.Updater.csproj", "{9886593b-e47d-0753-ad6f-8903e3fe2fbc}"
EndProject
Project("{FAE04EC0-301F-11D3-BF4B-00C04F79EFBC}") = "Unity.2D.Common.Runtime", "Unity.2D.Common.Runtime.csproj", "{d9dcae11-a375-df5e-574c-d5570ec37f64}"
EndProject
Project("{FAE04EC0-301F-11D3-BF4B-00C04F79EFBC}") = "Unity.Collections.DocCodeSamples", "Unity.Collections.DocCodeSamples.csproj", "{32577e93-69e8-2d5e-3fd7-3a2085fecd18}"
EndProject
Project("{FAE04EC0-301F-11D3-BF4B-00C04F79EFBC}") = "Unity.CollabProxy.Editor", "Unity.CollabProxy.Editor.csproj", "{73a1de92-ffeb-5874-2e26-32ebced4571c}"
EndProject
Project("{FAE04EC0-301F-11D3-BF4B-00C04F79EFBC}") = "Unity.Mathematics.Editor", "Unity.Mathematics.Editor.csproj", "{7b28c210-a273-da0a-3f9f-900887c57dbf}"
EndProject
Project("{FAE04EC0-301F-11D3-BF4B-00C04F79EFBC}") = "Unity.Mathematics.Tests", "Unity.Mathematics.Tests.csproj", "{4de04328-c571-7d81-1762-63abf8aa410e}"
EndProject
Project("{FAE04EC0-301F-11D3-BF4B-00C04F79EFBC}") = "Unity.2D.Sprite.Package.EditorTests", "Unity.2D.Sprite.Package.EditorTests.csproj", "{3d9a885e-4117-ff6a-2407-31a8c3bf3fa3}"
EndProject
Project("{FAE04EC0-301F-11D3-BF4B-00C04F79EFBC}") = "Unity.Burst.Tests.UnitTests", "Unity.Burst.Tests.UnitTests.csproj", "{8efbcd21-4ecb-e71a-a41a-6cdab0cf5ff0}"
EndProject
Project("{FAE04EC0-301F-11D3-BF4B-00C04F79EFBC}") = "Unity.2D.PixelPerfect.EditorTests", "Unity.2D.PixelPerfect.EditorTests.csproj", "{204b3a6c-5df9-7ed5-8e39-eb9b082f4cb4}"
EndProject
Project("{FAE04EC0-301F-11D3-BF4B-00C04F79EFBC}") = "Unity.2D.SpriteShape.EditorTests", "Unity.2D.SpriteShape.EditorTests.csproj", "{5b7a4721-b1cf-a0ea-8b0e-16011abcb3d7}"
EndProject
Project("{FAE04EC0-301F-11D3-BF4B-00C04F79EFBC}") = "Unity.2D.Common.EditorTests", "Unity.2D.Common.EditorTests.csproj", "{c85b9dea-2376-6a35-ddae-261e09398c0b}"
EndProject
Project("{FAE04EC0-301F-11D3-BF4B-00C04F79EFBC}") = "Assembly-CSharp-firstpass", "Assembly-CSharp-firstpass.csproj", "{10ac1c6d-2d63-85d2-e9da-132e7f736000}"
EndProject
Project("{FAE04EC0-301F-11D3-BF4B-00C04F79EFBC}") = "Unity.Burst.Editor.Tests", "Unity.Burst.Editor.Tests.csproj", "{455f52e5-a39c-93ec-4a56-e6152fb334fb}"
EndProject
Project("{FAE04EC0-301F-11D3-BF4B-00C04F79EFBC}") = "Unity.AI.Navigation.Tests", "Unity.AI.Navigation.Tests.csproj", "{a5f47321-9cf1-b8f4-69b2-57deb17e5060}"
EndProject
Project("{FAE04EC0-301F-11D3-BF4B-00C04F79EFBC}") = "Unity.TextMeshPro.Editor.Tests", "Unity.TextMeshPro.Editor.Tests.csproj", "{016c1b4b-bfb9-9887-4f1c-aa6460fc905c}"
EndProject
Project("{FAE04EC0-301F-11D3-BF4B-00C04F79EFBC}") = "DocCodeExamples", "DocCodeExamples.csproj", "{76a5b350-3eeb-3107-8fc0-cbc5f8623024}"
EndProject
Project("{FAE04EC0-301F-11D3-BF4B-00C04F79EFBC}") = "Unity.Collections.Tests", "Unity.Collections.Tests.csproj", "{84ac4290-c9f7-9fc9-a91e-c3d1bf99a750}"
EndProject
Project("{FAE04EC0-301F-11D3-BF4B-00C04F79EFBC}") = "Unity.2D.Psdimporter.EditorTests", "Unity.2D.Psdimporter.EditorTests.csproj", "{cc8c1892-a8be-7058-1a36-a8b5e1aca38b}"
EndProject
Project("{FAE04EC0-301F-11D3-BF4B-00C04F79EFBC}") = "Unity.AI.Navigation.Editor.Tests", "Unity.AI.Navigation.Editor.Tests.csproj", "{e69361c4-89f2-f4ba-7269-c9abc1183cdd}"
EndProject
Project("{FAE04EC0-301F-11D3-BF4B-00C04F79EFBC}") = "UnityEngine.UI.Tests", "UnityEngine.UI.Tests.csproj", "{9c96e357-be61-dcac-f2be-a350d5019b8e}"
EndProject
Project("{FAE04EC0-301F-11D3-BF4B-00C04F79EFBC}") = "Unity.Collections.Tests.Playmode", "Unity.Collections.Tests.Playmode.csproj", "{fa5f1c8b-9ef5-7094-4483-fa2b982794a2}"
EndProject
Project("{FAE04EC0-301F-11D3-BF4B-00C04F79EFBC}") = "Unity.2D.Animation.EditorTests", "Unity.2D.Animation.EditorTests.csproj", "{d51b570d-beea-4b43-b7b6-6029b84574e7}"
EndProject
Project("{FAE04EC0-301F-11D3-BF4B-00C04F79EFBC}") = "Unity.TextMeshPro.Tests", "Unity.TextMeshPro.Tests.csproj", "{a2505579-bf13-206b-17ae-74d412635f2e}"
EndProject
Project("{FAE04EC0-301F-11D3-BF4B-00C04F79EFBC}") = "SeparateAssembly", "SeparateAssembly.csproj", "{7ba34bc3-f95a-0798-e797-3f0afe630c62}"
EndProject
Project("{FAE04EC0-301F-11D3-BF4B-00C04F79EFBC}") = "UnityEditor.UI.EditorTests", "UnityEditor.UI.EditorTests.csproj", "{241bd481-3e68-a690-2f68-433afa2c20d9}"
EndProject
Project("{FAE04EC0-301F-11D3-BF4B-00C04F79EFBC}") = "Unity.2D.Tilemap.Package.EditorTests", "Unity.2D.Tilemap.Package.EditorTests.csproj", "{cd2509c4-e520-3260-8510-0043a767f8c7}"
EndProject
Project("{FAE04EC0-301F-11D3-BF4B-00C04F79EFBC}") = "OverloadedFunctionPointers", "OverloadedFunctionPointers.csproj", "{4d3d7775-e7bc-325d-9ab2-bda1a54534a1}"
EndProject
Global
	GlobalSection(SolutionConfigurationPlatforms) = preSolution
		Debug|Any CPU = Debug|Any CPU
	EndGlobalSection
	GlobalSection(ProjectConfigurationPlatforms) = postSolution
		{29a259d3-2c6e-c050-51ef-2dbd4a0797a9}.Debug|Any CPU.ActiveCfg = Debug|Any CPU
		{29a259d3-2c6e-c050-51ef-2dbd4a0797a9}.Debug|Any CPU.Build.0 = Debug|Any CPU
		{fd7bd5a3-d82d-5ecd-9ecc-a2c6ca1cb526}.Debug|Any CPU.ActiveCfg = Debug|Any CPU
		{fd7bd5a3-d82d-5ecd-9ecc-a2c6ca1cb526}.Debug|Any CPU.Build.0 = Debug|Any CPU
		{bfaf01dc-fb41-d746-f32a-4666d0f1b3d4}.Debug|Any CPU.ActiveCfg = Debug|Any CPU
		{bfaf01dc-fb41-d746-f32a-4666d0f1b3d4}.Debug|Any CPU.Build.0 = Debug|Any CPU
		{5c27ed21-0fd2-242c-d2d3-6fce8f4b82dc}.Debug|Any CPU.ActiveCfg = Debug|Any CPU
		{5c27ed21-0fd2-242c-d2d3-6fce8f4b82dc}.Debug|Any CPU.Build.0 = Debug|Any CPU
		{09eca4e7-8ffd-22cd-9c84-3234698387ca}.Debug|Any CPU.ActiveCfg = Debug|Any CPU
		{09eca4e7-8ffd-22cd-9c84-3234698387ca}.Debug|Any CPU.Build.0 = Debug|Any CPU
		{83deb9be-9570-6095-3f5c-6358c2053d95}.Debug|Any CPU.ActiveCfg = Debug|Any CPU
		{83deb9be-9570-6095-3f5c-6358c2053d95}.Debug|Any CPU.Build.0 = Debug|Any CPU
		{2bdff112-1aa3-fa34-748f-b6a96700114f}.Debug|Any CPU.ActiveCfg = Debug|Any CPU
		{2bdff112-1aa3-fa34-748f-b6a96700114f}.Debug|Any CPU.Build.0 = Debug|Any CPU
		{db67e598-a096-58b3-96e7-109962c6d0ac}.Debug|Any CPU.ActiveCfg = Debug|Any CPU
		{db67e598-a096-58b3-96e7-109962c6d0ac}.Debug|Any CPU.Build.0 = Debug|Any CPU
		{41a836d0-5b0d-0d45-9c77-1a86e49df9a1}.Debug|Any CPU.ActiveCfg = Debug|Any CPU
		{41a836d0-5b0d-0d45-9c77-1a86e49df9a1}.Debug|Any CPU.Build.0 = Debug|Any CPU
		{c4e56ecb-2ce3-7551-ce2f-f727ab695e6a}.Debug|Any CPU.ActiveCfg = Debug|Any CPU
		{c4e56ecb-2ce3-7551-ce2f-f727ab695e6a}.Debug|Any CPU.Build.0 = Debug|Any CPU
		{23148e44-c17a-38c1-0839-7a84bc39fe21}.Debug|Any CPU.ActiveCfg = Debug|Any CPU
		{23148e44-c17a-38c1-0839-7a84bc39fe21}.Debug|Any CPU.Build.0 = Debug|Any CPU
		{b41f1a89-365e-4a27-74c9-30fcf2a79428}.Debug|Any CPU.ActiveCfg = Debug|Any CPU
		{b41f1a89-365e-4a27-74c9-30fcf2a79428}.Debug|Any CPU.Build.0 = Debug|Any CPU
		{d44c14c0-a5bb-8100-8380-9c934f516bc2}.Debug|Any CPU.ActiveCfg = Debug|Any CPU
		{d44c14c0-a5bb-8100-8380-9c934f516bc2}.Debug|Any CPU.Build.0 = Debug|Any CPU
		{6220b82c-39f4-cfe8-83f4-55519a9aeee2}.Debug|Any CPU.ActiveCfg = Debug|Any CPU
		{6220b82c-39f4-cfe8-83f4-55519a9aeee2}.Debug|Any CPU.Build.0 = Debug|Any CPU
		{7b0069e7-6402-295c-532a-c97705b1b851}.Debug|Any CPU.ActiveCfg = Debug|Any CPU
		{7b0069e7-6402-295c-532a-c97705b1b851}.Debug|Any CPU.Build.0 = Debug|Any CPU
		{8c5900e2-0ed8-c7d8-7c87-84bf5b60d1dc}.Debug|Any CPU.ActiveCfg = Debug|Any CPU
		{8c5900e2-0ed8-c7d8-7c87-84bf5b60d1dc}.Debug|Any CPU.Build.0 = Debug|Any CPU
		{fc404dca-a836-bc40-5e45-d703012a97da}.Debug|Any CPU.ActiveCfg = Debug|Any CPU
		{fc404dca-a836-bc40-5e45-d703012a97da}.Debug|Any CPU.Build.0 = Debug|Any CPU
		{f10627c5-faca-82fa-f8ca-58474d450ff9}.Debug|Any CPU.ActiveCfg = Debug|Any CPU
		{f10627c5-faca-82fa-f8ca-58474d450ff9}.Debug|Any CPU.Build.0 = Debug|Any CPU
		{99ac3acb-8d84-0ab5-5b83-5b6d5c7c3801}.Debug|Any CPU.ActiveCfg = Debug|Any CPU
		{99ac3acb-8d84-0ab5-5b83-5b6d5c7c3801}.Debug|Any CPU.Build.0 = Debug|Any CPU
		{5190265c-07d9-3c38-dc86-604ddecef2e1}.Debug|Any CPU.ActiveCfg = Debug|Any CPU
		{5190265c-07d9-3c38-dc86-604ddecef2e1}.Debug|Any CPU.Build.0 = Debug|Any CPU
		{0a67dcdc-378c-da14-d195-c1d1aeb43f11}.Debug|Any CPU.ActiveCfg = Debug|Any CPU
		{0a67dcdc-378c-da14-d195-c1d1aeb43f11}.Debug|Any CPU.Build.0 = Debug|Any CPU
		{d1491d24-c39a-5b77-47d4-c1824d48f1e8}.Debug|Any CPU.ActiveCfg = Debug|Any CPU
		{d1491d24-c39a-5b77-47d4-c1824d48f1e8}.Debug|Any CPU.Build.0 = Debug|Any CPU
		{bf0e3838-27f1-b7cb-cd37-d8c36c47ab9e}.Debug|Any CPU.ActiveCfg = Debug|Any CPU
		{bf0e3838-27f1-b7cb-cd37-d8c36c47ab9e}.Debug|Any CPU.Build.0 = Debug|Any CPU
		{5ff2da77-af4e-ef9f-e298-45de95d2dcf0}.Debug|Any CPU.ActiveCfg = Debug|Any CPU
		{5ff2da77-af4e-ef9f-e298-45de95d2dcf0}.Debug|Any CPU.Build.0 = Debug|Any CPU
		{8f66fe3d-676a-680e-57a2-4c6ef94e2bd4}.Debug|Any CPU.ActiveCfg = Debug|Any CPU
		{8f66fe3d-676a-680e-57a2-4c6ef94e2bd4}.Debug|Any CPU.Build.0 = Debug|Any CPU
		{e372733b-ba44-d3cb-e7df-64fb9b8c97a9}.Debug|Any CPU.ActiveCfg = Debug|Any CPU
		{e372733b-ba44-d3cb-e7df-64fb9b8c97a9}.Debug|Any CPU.Build.0 = Debug|Any CPU
		{7458be1c-ed02-4580-9f98-9638aa299a88}.Debug|Any CPU.ActiveCfg = Debug|Any CPU
		{7458be1c-ed02-4580-9f98-9638aa299a88}.Debug|Any CPU.Build.0 = Debug|Any CPU
		{83cad6d0-6f64-3183-3045-48274f381572}.Debug|Any CPU.ActiveCfg = Debug|Any CPU
		{83cad6d0-6f64-3183-3045-48274f381572}.Debug|Any CPU.Build.0 = Debug|Any CPU
		{e45fe008-2c7d-a7d6-2e79-f77a2fe4fc2e}.Debug|Any CPU.ActiveCfg = Debug|Any CPU
		{e45fe008-2c7d-a7d6-2e79-f77a2fe4fc2e}.Debug|Any CPU.Build.0 = Debug|Any CPU
		{d8e075b5-63ee-b158-0d8e-d21578686731}.Debug|Any CPU.ActiveCfg = Debug|Any CPU
		{d8e075b5-63ee-b158-0d8e-d21578686731}.Debug|Any CPU.Build.0 = Debug|Any CPU
		{a60dda0f-4b23-6a78-d122-f59b81768a09}.Debug|Any CPU.ActiveCfg = Debug|Any CPU
		{a60dda0f-4b23-6a78-d122-f59b81768a09}.Debug|Any CPU.Build.0 = Debug|Any CPU
		{07380132-91dc-eb9f-a471-ba5b53694e1a}.Debug|Any CPU.ActiveCfg = Debug|Any CPU
		{07380132-91dc-eb9f-a471-ba5b53694e1a}.Debug|Any CPU.Build.0 = Debug|Any CPU
		{08f05fca-044e-5b5d-bec0-afcf055761f1}.Debug|Any CPU.ActiveCfg = Debug|Any CPU
		{08f05fca-044e-5b5d-bec0-afcf055761f1}.Debug|Any CPU.Build.0 = Debug|Any CPU
		{96dffad0-c921-9219-990d-c3d1fd6e0b4c}.Debug|Any CPU.ActiveCfg = Debug|Any CPU
		{96dffad0-c921-9219-990d-c3d1fd6e0b4c}.Debug|Any CPU.Build.0 = Debug|Any CPU
		{83eefeae-880c-442e-a8bf-861b914613f2}.Debug|Any CPU.ActiveCfg = Debug|Any CPU
		{83eefeae-880c-442e-a8bf-861b914613f2}.Debug|Any CPU.Build.0 = Debug|Any CPU
		{70c4cfc8-f606-2261-ded0-804fa5682503}.Debug|Any CPU.ActiveCfg = Debug|Any CPU
		{70c4cfc8-f606-2261-ded0-804fa5682503}.Debug|Any CPU.Build.0 = Debug|Any CPU
		{1d84e17a-cc75-315f-29b2-1f49eb1ce14a}.Debug|Any CPU.ActiveCfg = Debug|Any CPU
		{1d84e17a-cc75-315f-29b2-1f49eb1ce14a}.Debug|Any CPU.Build.0 = Debug|Any CPU
		{134fc3d4-cbac-b6fe-d185-945ba83fd405}.Debug|Any CPU.ActiveCfg = Debug|Any CPU
		{134fc3d4-cbac-b6fe-d185-945ba83fd405}.Debug|Any CPU.Build.0 = Debug|Any CPU
		{086fb66b-52e3-9ab1-f606-d529a0dc8a4f}.Debug|Any CPU.ActiveCfg = Debug|Any CPU
		{086fb66b-52e3-9ab1-f606-d529a0dc8a4f}.Debug|Any CPU.Build.0 = Debug|Any CPU
		{ed8cca80-3755-29de-e50e-371073c9d0f8}.Debug|Any CPU.ActiveCfg = Debug|Any CPU
		{ed8cca80-3755-29de-e50e-371073c9d0f8}.Debug|Any CPU.Build.0 = Debug|Any CPU
		{f2cee4e3-7245-f13b-89a0-e948d3630b18}.Debug|Any CPU.ActiveCfg = Debug|Any CPU
		{f2cee4e3-7245-f13b-89a0-e948d3630b18}.Debug|Any CPU.Build.0 = Debug|Any CPU
		{9886593b-e47d-0753-ad6f-8903e3fe2fbc}.Debug|Any CPU.ActiveCfg = Debug|Any CPU
		{9886593b-e47d-0753-ad6f-8903e3fe2fbc}.Debug|Any CPU.Build.0 = Debug|Any CPU
		{d9dcae11-a375-df5e-574c-d5570ec37f64}.Debug|Any CPU.ActiveCfg = Debug|Any CPU
		{d9dcae11-a375-df5e-574c-d5570ec37f64}.Debug|Any CPU.Build.0 = Debug|Any CPU
		{32577e93-69e8-2d5e-3fd7-3a2085fecd18}.Debug|Any CPU.ActiveCfg = Debug|Any CPU
		{32577e93-69e8-2d5e-3fd7-3a2085fecd18}.Debug|Any CPU.Build.0 = Debug|Any CPU
		{73a1de92-ffeb-5874-2e26-32ebced4571c}.Debug|Any CPU.ActiveCfg = Debug|Any CPU
		{73a1de92-ffeb-5874-2e26-32ebced4571c}.Debug|Any CPU.Build.0 = Debug|Any CPU
		{7b28c210-a273-da0a-3f9f-900887c57dbf}.Debug|Any CPU.ActiveCfg = Debug|Any CPU
		{7b28c210-a273-da0a-3f9f-900887c57dbf}.Debug|Any CPU.Build.0 = Debug|Any CPU
		{4de04328-c571-7d81-1762-63abf8aa410e}.Debug|Any CPU.ActiveCfg = Debug|Any CPU
		{4de04328-c571-7d81-1762-63abf8aa410e}.Debug|Any CPU.Build.0 = Debug|Any CPU
		{3d9a885e-4117-ff6a-2407-31a8c3bf3fa3}.Debug|Any CPU.ActiveCfg = Debug|Any CPU
		{3d9a885e-4117-ff6a-2407-31a8c3bf3fa3}.Debug|Any CPU.Build.0 = Debug|Any CPU
		{8efbcd21-4ecb-e71a-a41a-6cdab0cf5ff0}.Debug|Any CPU.ActiveCfg = Debug|Any CPU
		{8efbcd21-4ecb-e71a-a41a-6cdab0cf5ff0}.Debug|Any CPU.Build.0 = Debug|Any CPU
		{204b3a6c-5df9-7ed5-8e39-eb9b082f4cb4}.Debug|Any CPU.ActiveCfg = Debug|Any CPU
		{204b3a6c-5df9-7ed5-8e39-eb9b082f4cb4}.Debug|Any CPU.Build.0 = Debug|Any CPU
		{5b7a4721-b1cf-a0ea-8b0e-16011abcb3d7}.Debug|Any CPU.ActiveCfg = Debug|Any CPU
		{5b7a4721-b1cf-a0ea-8b0e-16011abcb3d7}.Debug|Any CPU.Build.0 = Debug|Any CPU
		{c85b9dea-2376-6a35-ddae-261e09398c0b}.Debug|Any CPU.ActiveCfg = Debug|Any CPU
		{c85b9dea-2376-6a35-ddae-261e09398c0b}.Debug|Any CPU.Build.0 = Debug|Any CPU
		{10ac1c6d-2d63-85d2-e9da-132e7f736000}.Debug|Any CPU.ActiveCfg = Debug|Any CPU
		{10ac1c6d-2d63-85d2-e9da-132e7f736000}.Debug|Any CPU.Build.0 = Debug|Any CPU
		{455f52e5-a39c-93ec-4a56-e6152fb334fb}.Debug|Any CPU.ActiveCfg = Debug|Any CPU
		{455f52e5-a39c-93ec-4a56-e6152fb334fb}.Debug|Any CPU.Build.0 = Debug|Any CPU
		{a5f47321-9cf1-b8f4-69b2-57deb17e5060}.Debug|Any CPU.ActiveCfg = Debug|Any CPU
		{a5f47321-9cf1-b8f4-69b2-57deb17e5060}.Debug|Any CPU.Build.0 = Debug|Any CPU
		{016c1b4b-bfb9-9887-4f1c-aa6460fc905c}.Debug|Any CPU.ActiveCfg = Debug|Any CPU
		{016c1b4b-bfb9-9887-4f1c-aa6460fc905c}.Debug|Any CPU.Build.0 = Debug|Any CPU
		{76a5b350-3eeb-3107-8fc0-cbc5f8623024}.Debug|Any CPU.ActiveCfg = Debug|Any CPU
		{76a5b350-3eeb-3107-8fc0-cbc5f8623024}.Debug|Any CPU.Build.0 = Debug|Any CPU
		{84ac4290-c9f7-9fc9-a91e-c3d1bf99a750}.Debug|Any CPU.ActiveCfg = Debug|Any CPU
		{84ac4290-c9f7-9fc9-a91e-c3d1bf99a750}.Debug|Any CPU.Build.0 = Debug|Any CPU
		{cc8c1892-a8be-7058-1a36-a8b5e1aca38b}.Debug|Any CPU.ActiveCfg = Debug|Any CPU
		{cc8c1892-a8be-7058-1a36-a8b5e1aca38b}.Debug|Any CPU.Build.0 = Debug|Any CPU
		{e69361c4-89f2-f4ba-7269-c9abc1183cdd}.Debug|Any CPU.ActiveCfg = Debug|Any CPU
		{e69361c4-89f2-f4ba-7269-c9abc1183cdd}.Debug|Any CPU.Build.0 = Debug|Any CPU
		{9c96e357-be61-dcac-f2be-a350d5019b8e}.Debug|Any CPU.ActiveCfg = Debug|Any CPU
		{9c96e357-be61-dcac-f2be-a350d5019b8e}.Debug|Any CPU.Build.0 = Debug|Any CPU
		{fa5f1c8b-9ef5-7094-4483-fa2b982794a2}.Debug|Any CPU.ActiveCfg = Debug|Any CPU
		{fa5f1c8b-9ef5-7094-4483-fa2b982794a2}.Debug|Any CPU.Build.0 = Debug|Any CPU
		{d51b570d-beea-4b43-b7b6-6029b84574e7}.Debug|Any CPU.ActiveCfg = Debug|Any CPU
		{d51b570d-beea-4b43-b7b6-6029b84574e7}.Debug|Any CPU.Build.0 = Debug|Any CPU
		{a2505579-bf13-206b-17ae-74d412635f2e}.Debug|Any CPU.ActiveCfg = Debug|Any CPU
		{a2505579-bf13-206b-17ae-74d412635f2e}.Debug|Any CPU.Build.0 = Debug|Any CPU
		{7ba34bc3-f95a-0798-e797-3f0afe630c62}.Debug|Any CPU.ActiveCfg = Debug|Any CPU
		{7ba34bc3-f95a-0798-e797-3f0afe630c62}.Debug|Any CPU.Build.0 = Debug|Any CPU
		{241bd481-3e68-a690-2f68-433afa2c20d9}.Debug|Any CPU.ActiveCfg = Debug|Any CPU
		{241bd481-3e68-a690-2f68-433afa2c20d9}.Debug|Any CPU.Build.0 = Debug|Any CPU
		{cd2509c4-e520-3260-8510-0043a767f8c7}.Debug|Any CPU.ActiveCfg = Debug|Any CPU
		{cd2509c4-e520-3260-8510-0043a767f8c7}.Debug|Any CPU.Build.0 = Debug|Any CPU
		{4d3d7775-e7bc-325d-9ab2-bda1a54534a1}.Debug|Any CPU.ActiveCfg = Debug|Any CPU
		{4d3d7775-e7bc-325d-9ab2-bda1a54534a1}.Debug|Any CPU.Build.0 = Debug|Any CPU
	EndGlobalSection
	GlobalSection(SolutionProperties) = preSolution
		HideSolutionNode = FALSE
	EndGlobalSection
EndGlobal
